
Microsoft Visual Studio Solution File, Format Version 12.00
# Visual Studio Version 17
VisualStudioVersion = 17.11.35222.181
MinimumVisualStudioVersion = 10.0.40219.1
Project("{FAE04EC0-301F-11D3-BF4B-00C04F79EFBC}") = "checkpoint", "checkpoint.csproj", "{FB56B8FB-49FB-457C-9C21-3DDF21B6B3AA}"
EndProject
Project("{FAE04EC0-301F-11D3-BF4B-00C04F79EFBC}") = "Student.test", "..\Student.test\Student.test.csproj", "{71AFA54F-D345-481B-8727-E0720B994E40}"
EndProject
Global
	GlobalSection(SolutionConfigurationPlatforms) = preSolution
		Debug|Any CPU = Debug|Any CPU
		Release|Any CPU = Release|Any CPU
	EndGlobalSection
	GlobalSection(ProjectConfigurationPlatforms) = postSolution
		{FB56B8FB-49FB-457C-9C21-3DDF21B6B3AA}.Debug|Any CPU.ActiveCfg = Debug|Any CPU
		{FB56B8FB-49FB-457C-9C21-3DDF21B6B3AA}.Debug|Any CPU.Build.0 = Debug|Any CPU
		{FB56B8FB-49FB-457C-9C21-3DDF21B6B3AA}.Release|Any CPU.ActiveCfg = Release|Any CPU
		{FB56B8FB-49FB-457C-9C21-3DDF21B6B3AA}.Release|Any CPU.Build.0 = Release|Any CPU
		{71AFA54F-D345-481B-8727-E0720B994E40}.Debug|Any CPU.ActiveCfg = Debug|Any CPU
		{71AFA54F-D345-481B-8727-E0720B994E40}.Debug|Any CPU.Build.0 = Debug|Any CPU
		{71AFA54F-D345-481B-8727-E0720B994E40}.Release|Any CPU.ActiveCfg = Release|Any CPU
		{71AFA54F-D345-481B-8727-E0720B994E40}.Release|Any CPU.Build.0 = Release|Any CPU
	EndGlobalSection
	GlobalSection(SolutionProperties) = preSolution
		HideSolutionNode = FALSE
	EndGlobalSection
	GlobalSection(ExtensibilityGlobals) = postSolution
		SolutionGuid = {C46F145C-D49D-4738-9C2C-FBF6267F261A}
	EndGlobalSection
EndGlobal
